
Microsoft Visual Studio Solution File, Format Version 12.00
# Visual Studio Version 17
VisualStudioVersion = 17.12.35527.113 d17.12
MinimumVisualStudioVersion = 10.0.40219.1
Project("{FAE04EC0-301F-11D3-BF4B-00C04F79EFBC}") = "KonyhaiAsszisztensBackend", "KonyhaiAsszisztensBackend\KonyhaiAsszisztensBackend.csproj", "{6A6236B4-D70F-4CCA-840F-B6279BDED3C5}"
EndProject
Project("{FAE04EC0-301F-11D3-BF4B-00C04F79EFBC}") = "Extra_EF.MySqlData", "Extra_EF.MySqlData\Extra_EF.MySqlData.csproj", "{81FC9219-436E-4217-B876-D83B24C6E8D9}"
EndProject
Project("{FAE04EC0-301F-11D3-BF4B-00C04F79EFBC}") = "Extra_EF.Models", "Extra_EF.Models\Extra_EF.Models.csproj", "{3375B505-4694-4853-8D44-3C7A45AB1792}"
EndProject
Global
	GlobalSection(SolutionConfigurationPlatforms) = preSolution
		Debug|Any CPU = Debug|Any CPU
		Release|Any CPU = Release|Any CPU
	EndGlobalSection
	GlobalSection(ProjectConfigurationPlatforms) = postSolution
		{6A6236B4-D70F-4CCA-840F-B6279BDED3C5}.Debug|Any CPU.ActiveCfg = Debug|Any CPU
		{6A6236B4-D70F-4CCA-840F-B6279BDED3C5}.Debug|Any CPU.Build.0 = Debug|Any CPU
		{6A6236B4-D70F-4CCA-840F-B6279BDED3C5}.Release|Any CPU.ActiveCfg = Release|Any CPU
		{6A6236B4-D70F-4CCA-840F-B6279BDED3C5}.Release|Any CPU.Build.0 = Release|Any CPU
		{81FC9219-436E-4217-B876-D83B24C6E8D9}.Debug|Any CPU.ActiveCfg = Debug|Any CPU
		{81FC9219-436E-4217-B876-D83B24C6E8D9}.Debug|Any CPU.Build.0 = Debug|Any CPU
		{81FC9219-436E-4217-B876-D83B24C6E8D9}.Release|Any CPU.ActiveCfg = Release|Any CPU
		{81FC9219-436E-4217-B876-D83B24C6E8D9}.Release|Any CPU.Build.0 = Release|Any CPU
		{3375B505-4694-4853-8D44-3C7A45AB1792}.Debug|Any CPU.ActiveCfg = Debug|Any CPU
		{3375B505-4694-4853-8D44-3C7A45AB1792}.Debug|Any CPU.Build.0 = Debug|Any CPU
		{3375B505-4694-4853-8D44-3C7A45AB1792}.Release|Any CPU.ActiveCfg = Release|Any CPU
		{3375B505-4694-4853-8D44-3C7A45AB1792}.Release|Any CPU.Build.0 = Release|Any CPU
	EndGlobalSection
	GlobalSection(SolutionProperties) = preSolution
		HideSolutionNode = FALSE
	EndGlobalSection
EndGlobal
